<?xml version="1.0" encoding="utf-8"?>
<Project ToolsVersion="4.0" xmlns="http://schemas.microsoft.com/developer/msbuild/2003">
  <ItemGroup>
    <Filter Include="include">
      <UniqueIdentifier>{45b97ab6-3e11-4903-ac10-6209dd02a569}</UniqueIdentifier>
    </Filter>
    <Filter Include="src">
      <UniqueIdentifier>{e738a24e-db65-459c-977c-299e29e4eba2}</UniqueIdentifier>
    </Filter>
  </ItemGroup>
  <ItemGroup>
    <ClInclude Include="..\..\include\PxTkBmpLoader.h">
      <Filter>include</Filter>
    </ClInclude>
    <ClInclude Include="..\..\include\PxTkFactory.h">
      <Filter>include</Filter>
    </ClInclude>
    <ClInclude Include="..\..\include\PxTkFPS.h">
      <Filter>include</Filter>
    </ClInclude>
    <ClInclude Include="..\..\include\PxTkNamespaceMangle.h">
      <Filter>include</Filter>
    </ClInclude>
    <ClInclude Include="..\..\include\PxTkRandom.h">
      <Filter>include</Filter>
    </ClInclude>
    <ClInclude Include="..\..\include\PxTkStream.h">
      <Filter>include</Filter>
    </ClInclude>
    <ClInclude Include="..\..\include\PxToolkit.h">
      <Filter>include</Filter>
    </ClInclude>
  </ItemGroup>
  <ItemGroup>
    <ClCompile Include="..\..\src\PxTkBmpLoader.cpp">
      <Filter>src</Filter>
    </ClCompile>
    <ClCompile Include="..\..\src\PxTkFactory.cpp">
      <Filter>src</Filter>
    </ClCompile>
    <ClCompile Include="..\..\src\PxTkFPS.cpp">
      <Filter>src</Filter>
    </ClCompile>
    <ClCompile Include="..\..\src\PxTkRandom.cpp">
      <Filter>src</Filter>
    </ClCompile>
    <ClCompile Include="..\..\src\PxTkStream.cpp">
      <Filter>src</Filter>
    </ClCompile>
    <ClCompile Include="..\..\src\PxToolkit.cpp">
      <Filter>src</Filter>
    </ClCompile>
  </ItemGroup>
</Project>