<?xml version="1.0" encoding="utf-8"?>
<Project ToolsVersion="4.0" xmlns="http://schemas.microsoft.com/developer/msbuild/2003">
  <ItemGroup>
    <Filter Include="Source Files">
      <UniqueIdentifier>{4FC737F1-C7A5-4376-A066-2A32D752A2FF}</UniqueIdentifier>
      <Extensions>cpp;c;cc;cxx;def;odl;idl;hpj;bat;asm;asmx</Extensions>
    </Filter>
    <Filter Include="Header Files">
      <UniqueIdentifier>{93995380-89BD-4b04-88EB-625FBE52EBFB}</UniqueIdentifier>
      <Extensions>h;hpp;hxx;hm;inl;inc;xsd</Extensions>
    </Filter>
    <Filter Include="Resource Files">
      <UniqueIdentifier>{67DA6AB6-F800-4c08-8B7A-83BB121AAD01}</UniqueIdentifier>
      <Extensions>rc;ico;cur;bmp;dlg;rc2;rct;bin;rgs;gif;jpg;jpeg;jpe;resx;tiff;tif;png;wav;mfcribbon-ms</Extensions>
    </Filter>
  </ItemGroup>
  <ItemGroup>
    <None Include="include\jpegdecoder.inl">
      <Filter>Header Files</Filter>
    </None>
  </ItemGroup>
  <ItemGroup>
    <ClInclude Include="include\jpegdecoder.h">
      <Filter>Header Files</Filter>
    </ClInclude>
    <ClInclude Include="include\jpegref.h">
      <Filter>Header Files</Filter>
    </ClInclude>
    <ClInclude Include="include\q3dsmodel.h">
      <Filter>Header Files</Filter>
    </ClInclude>
    <ClInclude Include="include\qalgorithm.h">
      <Filter>Header Files</Filter>
    </ClInclude>
    <ClInclude Include="include\qcamera.h">
      <Filter>Header Files</Filter>
    </ClInclude>
    <ClInclude Include="include\qeffect.h">
      <Filter>Header Files</Filter>
    </ClInclude>
    <ClInclude Include="include\qgeom.h">
      <Filter>Header Files</Filter>
    </ClInclude>
    <ClInclude Include="include\qindex_t.h">
      <Filter>Header Files</Filter>
    </ClInclude>
    <ClInclude Include="include\qindexbuffer.h">
      <Filter>Header Files</Filter>
    </ClInclude>
    <ClInclude Include="include\qmath.h">
      <Filter>Header Files</Filter>
    </ClInclude>
    <ClInclude Include="include\qmd3.h">
      <Filter>Header Files</Filter>
    </ClInclude>
    <ClInclude Include="include\qmem.h">
      <Filter>Header Files</Filter>
    </ClInclude>
    <ClInclude Include="include\qmodel.h">
      <Filter>Header Files</Filter>
    </ClInclude>
    <ClInclude Include="include\qmodelobject.h">
      <Filter>Header Files</Filter>
    </ClInclude>
    <ClInclude Include="include\qrender.h">
      <Filter>Header Files</Filter>
    </ClInclude>
    <ClInclude Include="include\qresource.h">
      <Filter>Header Files</Filter>
    </ClInclude>
    <ClInclude Include="include\qtexture.h">
      <Filter>Header Files</Filter>
    </ClInclude>
    <ClInclude Include="include\qtimer.h">
      <Filter>Header Files</Filter>
    </ClInclude>
    <ClInclude Include="include\qTMS.h">
      <Filter>Header Files</Filter>
    </ClInclude>
    <ClInclude Include="include\qvertexbuffer.h">
      <Filter>Header Files</Filter>
    </ClInclude>
    <ClInclude Include="include\qxml.h">
      <Filter>Header Files</Filter>
    </ClInclude>
    <ClInclude Include="include\stdafx.h">
      <Filter>Header Files</Filter>
    </ClInclude>
    <ClInclude Include="include\targetver.h">
      <Filter>Header Files</Filter>
    </ClInclude>
    <ClInclude Include="include\qtext.h">
      <Filter>Header Files</Filter>
    </ClInclude>
    <ClInclude Include="include\qfile.h">
      <Filter>Header Files</Filter>
    </ClInclude>
    <ClInclude Include="include\qhash.h">
      <Filter>Header Files</Filter>
    </ClInclude>
  </ItemGroup>
  <ItemGroup>
    <ClCompile Include="src\dllmain.cpp">
      <Filter>Source Files</Filter>
    </ClCompile>
    <ClCompile Include="src\H2v2.cpp">
      <Filter>Source Files</Filter>
    </ClCompile>
    <ClCompile Include="src\idct.cpp">
      <Filter>Source Files</Filter>
    </ClCompile>
    <ClCompile Include="src\jidctfst.cpp">
      <Filter>Source Files</Filter>
    </ClCompile>
    <ClCompile Include="src\jpegdecoder.cpp">
      <Filter>Source Files</Filter>
    </ClCompile>
    <ClCompile Include="src\q3dsmodel.cpp">
      <Filter>Source Files</Filter>
    </ClCompile>
    <ClCompile Include="src\qalgorithm.cpp">
      <Filter>Source Files</Filter>
    </ClCompile>
    <ClCompile Include="src\qcamera.cpp">
      <Filter>Source Files</Filter>
    </ClCompile>
    <ClCompile Include="src\qeffect.cpp">
      <Filter>Source Files</Filter>
    </ClCompile>
    <ClCompile Include="src\qgeom.cpp">
      <Filter>Source Files</Filter>
    </ClCompile>
    <ClCompile Include="src\qindex_t.cpp">
      <Filter>Source Files</Filter>
    </ClCompile>
    <ClCompile Include="src\qindexbuffer.cpp">
      <Filter>Source Files</Filter>
    </ClCompile>
    <ClCompile Include="src\qmath.cpp">
      <Filter>Source Files</Filter>
    </ClCompile>
    <ClCompile Include="src\qmd3.cpp">
      <Filter>Source Files</Filter>
    </ClCompile>
    <ClCompile Include="src\qmodel.cpp">
      <Filter>Source Files</Filter>
    </ClCompile>
    <ClCompile Include="src\qmodelobject.cpp">
      <Filter>Source Files</Filter>
    </ClCompile>
    <ClCompile Include="src\qrender.cpp">
      <Filter>Source Files</Filter>
    </ClCompile>
    <ClCompile Include="src\qtexture.cpp">
      <Filter>Source Files</Filter>
    </ClCompile>
    <ClCompile Include="src\qtimer.cpp">
      <Filter>Source Files</Filter>
    </ClCompile>
    <ClCompile Include="src\qTMS.cpp">
      <Filter>Source Files</Filter>
    </ClCompile>
    <ClCompile Include="src\qvertexbuffer.cpp">
      <Filter>Source Files</Filter>
    </ClCompile>
    <ClCompile Include="src\qxml.cpp">
      <Filter>Source Files</Filter>
    </ClCompile>
    <ClCompile Include="src\stdafx.cpp">
      <Filter>Source Files</Filter>
    </ClCompile>
    <ClCompile Include="src\qfile.cpp">
      <Filter>Source Files</Filter>
    </ClCompile>
    <ClCompile Include="src\qtext.cpp">
      <Filter>Source Files</Filter>
    </ClCompile>
  </ItemGroup>
</Project>