<?xml version="1.0" encoding="utf-8"?>
<Project ToolsVersion="4.0" xmlns="http://schemas.microsoft.com/developer/msbuild/2003">
  <ItemGroup>
    <Filter Include="Source Files">
      <UniqueIdentifier>{4FC737F1-C7A5-4376-A066-2A32D752A2FF}</UniqueIdentifier>
      <Extensions>cpp;c;cc;cxx;def;odl;idl;hpj;bat;asm;asmx</Extensions>
    </Filter>
    <Filter Include="Header Files">
      <UniqueIdentifier>{93995380-89BD-4b04-88EB-625FBE52EBFB}</UniqueIdentifier>
      <Extensions>h;hpp;hxx;hm;inl;inc;xsd</Extensions>
    </Filter>
    <Filter Include="Resource Files">
      <UniqueIdentifier>{67DA6AB6-F800-4c08-8B7A-83BB121AAD01}</UniqueIdentifier>
      <Extensions>rc;ico;cur;bmp;dlg;rc2;rct;bin;rgs;gif;jpg;jpeg;jpe;resx;tiff;tif;png;wav;mfcribbon-ms</Extensions>
    </Filter>
  </ItemGroup>
  <ItemGroup>
    <None Include="include\jpegdecoder.inl">
      <Filter>Header Files</Filter>
    </None>
  </ItemGroup>
  <ItemGroup>
    <ClInclude Include="include\jpegdecoder.h">
      <Filter>Header Files</Filter>
    </ClInclude>
    <ClInclude Include="include\jpegref.h">
      <Filter>Header Files</Filter>
    </ClInclude>
    <ClInclude Include="include\q3dsmodel.h">
      <Filter>Header Files</Filter>
    </ClInclude>
    <ClInclude Include="include\qalgorithm.h">
      <Filter>Header Files</Filter>
    </ClInclude>
    <ClInclude Include="include\qcamera.h">
      <Filter>Header Files</Filter>
    </ClInclude>
    <ClInclude Include="include\qeffect.h">
      <Filter>Header Files</Filter>
    </ClInclude>
    <ClInclude Include="include\qgeom.h">
      <Filter>Header Files</Filter>
    </ClInclude>
    <ClInclude Include="include\qindex_t.h">
      <Filter>Header Files</Filter>
    </ClInclude>
    <ClInclude Include="include\qindexbuffer.h">
      <Filter>Header Files</Filter>
    </ClInclude>
    <ClInclude Include="include\qmath.h">
      <Filter>Header Files</Filter>
    </ClInclude>
    <ClInclude Include="include\qmd3.h">
      <Filter>Header Files</Filter>
    </ClInclude>
    <ClInclude Include="include\qmem.h">
      <Filter>Header Files</Filter>
    </ClInclude>
    <ClInclude Include="include\qmodel.h">
      <Filter>Header Files</Filter>
    </ClInclude>
    <ClInclude Include="include\qmodelobject.h">
      <Filter>Header Files</Filter>
    </ClInclude>
    <ClInclude Include="include\qrender.h">
      <Filter>Header Files</Filter>
    </ClInclude>
    <ClInclude Include="include\qresource.h">
      <Filter>Header Files</Filter>
    </ClInclude>
    <ClInclude Include="include\qtexture.h">
      <Filter>Header Files</Filter>
    </ClInclude>
    <ClInclude Include="include\qtimer.h">
      <Filter>Header Files</Filter>
    </ClInclude>
    <ClInclude Include="include\qTMS.h">
      <Filter>Header Files</Filter>
    </ClInclude>
    <ClInclude Include="include\qvertexbuffer.h">
      <Filter>Header Files</Filter>
    </ClInclude>
    <ClInclude Include="include\qxml.h">
      <Filter>Header Files</Filter>
    </ClInclude>
    <ClInclude Include="include\stdafx.h">
      <Filter>Header Files</Filter>
    </ClInclude>
    <ClInclude Include="include\targetver.h">
      <Filter>Header Files</Filter>
    </ClInclude>
    <ClInclude Include="include\qtext.h">
      <Filter>Header Files</Filter>
    </ClInclude>
    <ClInclude Include="include\qfile.h">
      <Filter>Header Files</Filter>
    </ClInclude>
    <ClInclude Include="include\qhash.h">
      <Filter>Header Files</Filter>
    </ClInclude>
    <ClInclude Include="..\..\angelscript\include\add_ons\scriptarray\scriptarray.h">
      <Filter>Header Files</Filter>
    </ClInclude>
    <ClInclude Include="..\..\angelscript\include\add_ons\scriptbuilder\scriptbuilder.h">
      <Filter>Header Files</Filter>
    </ClInclude>
    <ClInclude Include="..\..\angelscript\include\add_ons\scriptdictionary\scriptdictionary.h">
      <Filter>Header Files</Filter>
    </ClInclude>
    <ClInclude Include="..\..\angelscript\include\add_ons\scriptfile\scriptfile.h">
      <Filter>Header Files</Filter>
    </ClInclude>
    <ClInclude Include="..\..\angelscript\include\add_ons\scripthelper\scripthelper.h">
      <Filter>Header Files</Filter>
    </ClInclude>
    <ClInclude Include="..\..\angelscript\include\add_ons\scriptmath3d\scriptmath3d.h">
      <Filter>Header Files</Filter>
    </ClInclude>
    <ClInclude Include="..\..\angelscript\include\add_ons\scriptmath\scriptmath.h">
      <Filter>Header Files</Filter>
    </ClInclude>
    <ClInclude Include="..\..\angelscript\include\add_ons\scriptstdstring\scriptstdstring.h">
      <Filter>Header Files</Filter>
    </ClInclude>
    <ClInclude Include="..\..\angelscript\include\add_ons\scriptstring\scriptstring.h">
      <Filter>Header Files</Filter>
    </ClInclude>
    <ClInclude Include="..\..\bullet\include\Extras\ConvexDecomposition\bestfit.h">
      <Filter>Header Files</Filter>
    </ClInclude>
    <ClInclude Include="..\..\bullet\include\Extras\ConvexDecomposition\bestfitobb.h">
      <Filter>Header Files</Filter>
    </ClInclude>
    <ClInclude Include="..\..\bullet\include\Extras\ConvexDecomposition\cd_hull.h">
      <Filter>Header Files</Filter>
    </ClInclude>
    <ClInclude Include="..\..\bullet\include\Extras\ConvexDecomposition\cd_vector.h">
      <Filter>Header Files</Filter>
    </ClInclude>
    <ClInclude Include="..\..\bullet\include\Extras\ConvexDecomposition\cd_wavefront.h">
      <Filter>Header Files</Filter>
    </ClInclude>
    <ClInclude Include="..\..\bullet\include\Extras\ConvexDecomposition\concavity.h">
      <Filter>Header Files</Filter>
    </ClInclude>
    <ClInclude Include="..\..\bullet\include\Extras\ConvexDecomposition\ConvexBuilder.h">
      <Filter>Header Files</Filter>
    </ClInclude>
    <ClInclude Include="..\..\bullet\include\Extras\ConvexDecomposition\ConvexDecomposition.h">
      <Filter>Header Files</Filter>
    </ClInclude>
    <ClInclude Include="..\..\bullet\include\Extras\ConvexDecomposition\fitsphere.h">
      <Filter>Header Files</Filter>
    </ClInclude>
    <ClInclude Include="..\..\bullet\include\Extras\ConvexDecomposition\float_math.h">
      <Filter>Header Files</Filter>
    </ClInclude>
    <ClInclude Include="..\..\bullet\include\Extras\ConvexDecomposition\meshvolume.h">
      <Filter>Header Files</Filter>
    </ClInclude>
    <ClInclude Include="..\..\bullet\include\Extras\ConvexDecomposition\planetri.h">
      <Filter>Header Files</Filter>
    </ClInclude>
    <ClInclude Include="..\..\bullet\include\Extras\ConvexDecomposition\raytri.h">
      <Filter>Header Files</Filter>
    </ClInclude>
    <ClInclude Include="..\..\bullet\include\Extras\ConvexDecomposition\splitplane.h">
      <Filter>Header Files</Filter>
    </ClInclude>
    <ClInclude Include="..\..\bullet\include\Extras\ConvexDecomposition\vlookup.h">
      <Filter>Header Files</Filter>
    </ClInclude>
    <ClInclude Include="include\qevent.h">
      <Filter>Header Files</Filter>
    </ClInclude>
    <ClInclude Include="include\qeventhandler.h">
      <Filter>Header Files</Filter>
    </ClInclude>
    <ClInclude Include="include\qeventlistener.h">
      <Filter>Header Files</Filter>
    </ClInclude>
    <ClInclude Include="include\qeventregistry.h">
      <Filter>Header Files</Filter>
    </ClInclude>
    <ClInclude Include="include\qkeyeventlistener.h">
      <Filter>Header Files</Filter>
    </ClInclude>
    <ClInclude Include="include\qmotionstate.h">
      <Filter>Header Files</Filter>
    </ClInclude>
    <ClInclude Include="include\qobject.h">
      <Filter>Header Files</Filter>
    </ClInclude>
    <ClInclude Include="include\qphysics.h">
      <Filter>Header Files</Filter>
    </ClInclude>
    <ClInclude Include="include\qphysicsmesh.h">
      <Filter>Header Files</Filter>
    </ClInclude>
    <ClInclude Include="include\qphysicsshapedrawer.h">
      <Filter>Header Files</Filter>
    </ClInclude>
    <ClInclude Include="include\qscriptable.h">
      <Filter>Header Files</Filter>
    </ClInclude>
    <ClInclude Include="include\qscriptengine.h">
      <Filter>Header Files</Filter>
    </ClInclude>
    <ClInclude Include="include\qscripteventhandler.h">
      <Filter>Header Files</Filter>
    </ClInclude>
    <ClInclude Include="include\qscriptexec.h">
      <Filter>Header Files</Filter>
    </ClInclude>
    <ClInclude Include="include\qscriptmodule.h">
      <Filter>Header Files</Filter>
    </ClInclude>
    <ClInclude Include="include\qswf.h">
      <Filter>Header Files</Filter>
    </ClInclude>
    <ClInclude Include="include\qswf_types.h">
      <Filter>Header Files</Filter>
    </ClInclude>
    <ClInclude Include="include\qphysicsengine.h">
      <Filter>Header Files</Filter>
    </ClInclude>
    <ClInclude Include="include\qerrorlog.h">
      <Filter>Header Files</Filter>
    </ClInclude>
    <ClInclude Include="include\qRigidBody.h">
      <Filter>Header Files</Filter>
    </ClInclude>
    <ClInclude Include="include\qfont.h">
      <Filter>Header Files</Filter>
    </ClInclude>
  </ItemGroup>
  <ItemGroup>
    <ClCompile Include="src\dllmain.cpp">
      <Filter>Source Files</Filter>
    </ClCompile>
    <ClCompile Include="src\H2v2.cpp">
      <Filter>Source Files</Filter>
    </ClCompile>
    <ClCompile Include="src\idct.cpp">
      <Filter>Source Files</Filter>
    </ClCompile>
    <ClCompile Include="src\jidctfst.cpp">
      <Filter>Source Files</Filter>
    </ClCompile>
    <ClCompile Include="src\jpegdecoder.cpp">
      <Filter>Source Files</Filter>
    </ClCompile>
    <ClCompile Include="src\q3dsmodel.cpp">
      <Filter>Source Files</Filter>
    </ClCompile>
    <ClCompile Include="src\qalgorithm.cpp">
      <Filter>Source Files</Filter>
    </ClCompile>
    <ClCompile Include="src\qcamera.cpp">
      <Filter>Source Files</Filter>
    </ClCompile>
    <ClCompile Include="src\qeffect.cpp">
      <Filter>Source Files</Filter>
    </ClCompile>
    <ClCompile Include="src\qgeom.cpp">
      <Filter>Source Files</Filter>
    </ClCompile>
    <ClCompile Include="src\qindex_t.cpp">
      <Filter>Source Files</Filter>
    </ClCompile>
    <ClCompile Include="src\qindexbuffer.cpp">
      <Filter>Source Files</Filter>
    </ClCompile>
    <ClCompile Include="src\qmath.cpp">
      <Filter>Source Files</Filter>
    </ClCompile>
    <ClCompile Include="src\qmd3.cpp">
      <Filter>Source Files</Filter>
    </ClCompile>
    <ClCompile Include="src\qmodel.cpp">
      <Filter>Source Files</Filter>
    </ClCompile>
    <ClCompile Include="src\qmodelobject.cpp">
      <Filter>Source Files</Filter>
    </ClCompile>
    <ClCompile Include="src\qrender.cpp">
      <Filter>Source Files</Filter>
    </ClCompile>
    <ClCompile Include="src\qtexture.cpp">
      <Filter>Source Files</Filter>
    </ClCompile>
    <ClCompile Include="src\qtimer.cpp">
      <Filter>Source Files</Filter>
    </ClCompile>
    <ClCompile Include="src\qTMS.cpp">
      <Filter>Source Files</Filter>
    </ClCompile>
    <ClCompile Include="src\qvertexbuffer.cpp">
      <Filter>Source Files</Filter>
    </ClCompile>
    <ClCompile Include="src\qxml.cpp">
      <Filter>Source Files</Filter>
    </ClCompile>
    <ClCompile Include="src\stdafx.cpp">
      <Filter>Source Files</Filter>
    </ClCompile>
    <ClCompile Include="src\qfile.cpp">
      <Filter>Source Files</Filter>
    </ClCompile>
    <ClCompile Include="src\qtext.cpp">
      <Filter>Source Files</Filter>
    </ClCompile>
    <ClCompile Include="..\..\angelscript\include\add_ons\scriptarray\scriptarray.cpp">
      <Filter>Source Files</Filter>
    </ClCompile>
    <ClCompile Include="..\..\angelscript\include\add_ons\scriptbuilder\scriptbuilder.cpp">
      <Filter>Source Files</Filter>
    </ClCompile>
    <ClCompile Include="..\..\angelscript\include\add_ons\scriptdictionary\scriptdictionary.cpp">
      <Filter>Source Files</Filter>
    </ClCompile>
    <ClCompile Include="..\..\angelscript\include\add_ons\scriptfile\scriptfile.cpp">
      <Filter>Source Files</Filter>
    </ClCompile>
    <ClCompile Include="..\..\angelscript\include\add_ons\scripthelper\scripthelper.cpp">
      <Filter>Source Files</Filter>
    </ClCompile>
    <ClCompile Include="..\..\angelscript\include\add_ons\scriptmath3d\scriptmath3d.cpp">
      <Filter>Source Files</Filter>
    </ClCompile>
    <ClCompile Include="..\..\angelscript\include\add_ons\scriptmath\scriptmath.cpp">
      <Filter>Source Files</Filter>
    </ClCompile>
    <ClCompile Include="..\..\angelscript\include\add_ons\scriptstdstring\scriptstdstring.cpp">
      <Filter>Source Files</Filter>
    </ClCompile>
    <ClCompile Include="..\..\angelscript\include\add_ons\scriptstring\scriptstring.cpp">
      <Filter>Source Files</Filter>
    </ClCompile>
    <ClCompile Include="..\..\angelscript\include\add_ons\scriptstring\scriptstring_utils.cpp">
      <Filter>Source Files</Filter>
    </ClCompile>
    <ClCompile Include="..\..\bullet\include\Extras\ConvexDecomposition\bestfit.cpp">
      <Filter>Source Files</Filter>
    </ClCompile>
    <ClCompile Include="..\..\bullet\include\Extras\ConvexDecomposition\bestfitobb.cpp">
      <Filter>Source Files</Filter>
    </ClCompile>
    <ClCompile Include="..\..\bullet\include\Extras\ConvexDecomposition\cd_hull.cpp">
      <Filter>Source Files</Filter>
    </ClCompile>
    <ClCompile Include="..\..\bullet\include\Extras\ConvexDecomposition\cd_wavefront.cpp">
      <Filter>Source Files</Filter>
    </ClCompile>
    <ClCompile Include="..\..\bullet\include\Extras\ConvexDecomposition\concavity.cpp">
      <Filter>Source Files</Filter>
    </ClCompile>
    <ClCompile Include="..\..\bullet\include\Extras\ConvexDecomposition\ConvexBuilder.cpp">
      <Filter>Source Files</Filter>
    </ClCompile>
    <ClCompile Include="..\..\bullet\include\Extras\ConvexDecomposition\ConvexDecomposition.cpp">
      <Filter>Source Files</Filter>
    </ClCompile>
    <ClCompile Include="..\..\bullet\include\Extras\ConvexDecomposition\fitsphere.cpp">
      <Filter>Source Files</Filter>
    </ClCompile>
    <ClCompile Include="..\..\bullet\include\Extras\ConvexDecomposition\float_math.cpp">
      <Filter>Source Files</Filter>
    </ClCompile>
    <ClCompile Include="..\..\bullet\include\Extras\ConvexDecomposition\meshvolume.cpp">
      <Filter>Source Files</Filter>
    </ClCompile>
    <ClCompile Include="..\..\bullet\include\Extras\ConvexDecomposition\planetri.cpp">
      <Filter>Source Files</Filter>
    </ClCompile>
    <ClCompile Include="..\..\bullet\include\Extras\ConvexDecomposition\raytri.cpp">
      <Filter>Source Files</Filter>
    </ClCompile>
    <ClCompile Include="..\..\bullet\include\Extras\ConvexDecomposition\splitplane.cpp">
      <Filter>Source Files</Filter>
    </ClCompile>
    <ClCompile Include="..\..\bullet\include\Extras\ConvexDecomposition\vlookup.cpp">
      <Filter>Source Files</Filter>
    </ClCompile>
    <ClCompile Include="src\qevent.cpp">
      <Filter>Source Files</Filter>
    </ClCompile>
    <ClCompile Include="src\qeventhandler.cpp">
      <Filter>Source Files</Filter>
    </ClCompile>
    <ClCompile Include="src\qeventlistener.cpp">
      <Filter>Source Files</Filter>
    </ClCompile>
    <ClCompile Include="src\qeventregistry.cpp">
      <Filter>Source Files</Filter>
    </ClCompile>
    <ClCompile Include="src\qkeyeventlistener.cpp">
      <Filter>Source Files</Filter>
    </ClCompile>
    <ClCompile Include="src\qmotionstate.cpp">
      <Filter>Source Files</Filter>
    </ClCompile>
    <ClCompile Include="src\qobject.cpp">
      <Filter>Source Files</Filter>
    </ClCompile>
    <ClCompile Include="src\qphysics.cpp">
      <Filter>Source Files</Filter>
    </ClCompile>
    <ClCompile Include="src\qphysicsmesh.cpp">
      <Filter>Source Files</Filter>
    </ClCompile>
    <ClCompile Include="src\qphysicsshapedrawer.cpp">
      <Filter>Source Files</Filter>
    </ClCompile>
    <ClCompile Include="src\qscriptable.cpp">
      <Filter>Source Files</Filter>
    </ClCompile>
    <ClCompile Include="src\qscriptengine.cpp">
      <Filter>Source Files</Filter>
    </ClCompile>
    <ClCompile Include="src\qscripteventhandler.cpp">
      <Filter>Source Files</Filter>
    </ClCompile>
    <ClCompile Include="src\qscriptexec.cpp">
      <Filter>Source Files</Filter>
    </ClCompile>
    <ClCompile Include="src\qscriptmodule.cpp">
      <Filter>Source Files</Filter>
    </ClCompile>
    <ClCompile Include="src\qswf.cpp">
      <Filter>Source Files</Filter>
    </ClCompile>
    <ClCompile Include="src\qerrorlog.cpp">
      <Filter>Source Files</Filter>
    </ClCompile>
    <ClCompile Include="src\qRigidBody.cpp">
      <Filter>Source Files</Filter>
    </ClCompile>
    <ClCompile Include="src\qfont.cpp">
      <Filter>Source Files</Filter>
    </ClCompile>
  </ItemGroup>
</Project>