<?xml version="1.0" encoding="utf-8"?>
<Project ToolsVersion="4.0" xmlns="http://schemas.microsoft.com/developer/msbuild/2003">
  <ItemGroup>
    <ClCompile Include="src\dllmain.cpp">
      <Filter>src</Filter>
    </ClCompile>
    <ClCompile Include="src\jpegdecoder.cpp">
      <Filter>src</Filter>
    </ClCompile>
    <ClCompile Include="src\H2v2.cpp">
      <Filter>src</Filter>
    </ClCompile>
    <ClCompile Include="src\idct.cpp">
      <Filter>src</Filter>
    </ClCompile>
    <ClCompile Include="src\jidctfst.cpp">
      <Filter>src</Filter>
    </ClCompile>
    <ClCompile Include="src\q3dsmodel.cpp">
      <Filter>src</Filter>
    </ClCompile>
    <ClCompile Include="src\qalgorithm.cpp">
      <Filter>src</Filter>
    </ClCompile>
    <ClCompile Include="src\qcamera.cpp">
      <Filter>src</Filter>
    </ClCompile>
    <ClCompile Include="src\qeffect.cpp">
      <Filter>src</Filter>
    </ClCompile>
    <ClCompile Include="src\qfile.cpp">
      <Filter>src</Filter>
    </ClCompile>
    <ClCompile Include="src\qgeom.cpp">
      <Filter>src</Filter>
    </ClCompile>
    <ClCompile Include="src\qindex_t.cpp">
      <Filter>src</Filter>
    </ClCompile>
    <ClCompile Include="src\qindexbuffer.cpp">
      <Filter>src</Filter>
    </ClCompile>
    <ClCompile Include="src\qmd3.cpp">
      <Filter>src</Filter>
    </ClCompile>
    <ClCompile Include="src\qmath.cpp">
      <Filter>src</Filter>
    </ClCompile>
    <ClCompile Include="src\qmodel.cpp">
      <Filter>src</Filter>
    </ClCompile>
    <ClCompile Include="src\qmodelobject.cpp">
      <Filter>src</Filter>
    </ClCompile>
    <ClCompile Include="src\qrender.cpp">
      <Filter>src</Filter>
    </ClCompile>
    <ClCompile Include="src\qtexture.cpp">
      <Filter>src</Filter>
    </ClCompile>
    <ClCompile Include="src\qtext.cpp">
      <Filter>src</Filter>
    </ClCompile>
    <ClCompile Include="src\qtimer.cpp">
      <Filter>src</Filter>
    </ClCompile>
    <ClCompile Include="src\qTMS.cpp">
      <Filter>src</Filter>
    </ClCompile>
    <ClCompile Include="src\qvertexbuffer.cpp">
      <Filter>src</Filter>
    </ClCompile>
    <ClCompile Include="src\qxml.cpp">
      <Filter>src</Filter>
    </ClCompile>
    <ClCompile Include="src\stdafx.cpp">
      <Filter>src</Filter>
    </ClCompile>
    <ClCompile Include="src\qscriptable.cpp">
      <Filter>src</Filter>
    </ClCompile>
    <ClCompile Include="src\qscriptengine.cpp">
      <Filter>src</Filter>
    </ClCompile>
    <ClCompile Include="src\qscriptexec.cpp">
      <Filter>src</Filter>
    </ClCompile>
    <ClCompile Include="src\qscriptmodule.cpp">
      <Filter>src</Filter>
    </ClCompile>
    <ClCompile Include="src\qobject.cpp">
      <Filter>src</Filter>
    </ClCompile>
    <ClCompile Include="src\qevent.cpp">
      <Filter>src</Filter>
    </ClCompile>
    <ClCompile Include="src\qeventlistener.cpp">
      <Filter>src</Filter>
    </ClCompile>
    <ClCompile Include="src\qeventhandler.cpp">
      <Filter>src</Filter>
    </ClCompile>
    <ClCompile Include="src\qkeyeventlistener.cpp">
      <Filter>src</Filter>
    </ClCompile>
    <ClCompile Include="src\qscripteventhandler.cpp">
      <Filter>src</Filter>
    </ClCompile>
    <ClCompile Include="src\qeventregistry.cpp">
      <Filter>src</Filter>
    </ClCompile>
    <ClCompile Include="..\..\angelscript\include\add_ons\scriptany\scriptany.cpp" />
    <ClCompile Include="..\..\angelscript\include\add_ons\scriptarray\scriptarray.cpp" />
    <ClCompile Include="..\..\angelscript\include\add_ons\scriptbuilder\scriptbuilder.cpp" />
    <ClCompile Include="..\..\angelscript\include\add_ons\scriptdictionary\scriptdictionary.cpp" />
    <ClCompile Include="..\..\angelscript\include\add_ons\scriptfile\scriptfile.cpp" />
    <ClCompile Include="..\..\angelscript\include\add_ons\scripthelper\scripthelper.cpp" />
    <ClCompile Include="..\..\angelscript\include\add_ons\scriptmath3d\scriptmath3d.cpp" />
    <ClCompile Include="..\..\angelscript\include\add_ons\scriptmath\scriptmath.cpp" />
    <ClCompile Include="..\..\angelscript\include\add_ons\scriptstdstring\scriptstdstring.cpp" />
    <ClCompile Include="..\..\angelscript\include\add_ons\scriptstring\scriptstring.cpp" />
    <ClCompile Include="..\..\angelscript\include\add_ons\scriptstring\scriptstring_utils.cpp" />
    <ClCompile Include="src\qphysics.cpp" />
    <ClCompile Include="src\qmotionstate.cpp" />
    <ClCompile Include="src\qphysicsmesh.cpp" />
    <ClCompile Include="..\..\bullet\include\Extras\ConvexDecomposition\bestfit.cpp" />
    <ClCompile Include="..\..\bullet\include\Extras\ConvexDecomposition\bestfitobb.cpp" />
    <ClCompile Include="..\..\bullet\include\Extras\ConvexDecomposition\cd_hull.cpp" />
    <ClCompile Include="..\..\bullet\include\Extras\ConvexDecomposition\cd_wavefront.cpp" />
    <ClCompile Include="..\..\bullet\include\Extras\ConvexDecomposition\concavity.cpp" />
    <ClCompile Include="..\..\bullet\include\Extras\ConvexDecomposition\ConvexBuilder.cpp" />
    <ClCompile Include="..\..\bullet\include\Extras\ConvexDecomposition\ConvexDecomposition.cpp" />
    <ClCompile Include="..\..\bullet\include\Extras\ConvexDecomposition\fitsphere.cpp" />
    <ClCompile Include="..\..\bullet\include\Extras\ConvexDecomposition\float_math.cpp" />
    <ClCompile Include="..\..\bullet\include\Extras\ConvexDecomposition\meshvolume.cpp" />
    <ClCompile Include="..\..\bullet\include\Extras\ConvexDecomposition\planetri.cpp" />
    <ClCompile Include="..\..\bullet\include\Extras\ConvexDecomposition\raytri.cpp" />
    <ClCompile Include="..\..\bullet\include\Extras\ConvexDecomposition\splitplane.cpp" />
    <ClCompile Include="..\..\bullet\include\Extras\ConvexDecomposition\vlookup.cpp" />
  </ItemGroup>
  <ItemGroup>
    <ClInclude Include="include\jpegdecoder.h">
      <Filter>include</Filter>
    </ClInclude>
    <ClInclude Include="include\targetver.h">
      <Filter>include</Filter>
    </ClInclude>
    <ClInclude Include="include\jpegref.h">
      <Filter>include</Filter>
    </ClInclude>
    <ClInclude Include="include\q3dsmodel.h">
      <Filter>include</Filter>
    </ClInclude>
    <ClInclude Include="include\qalgorithm.h">
      <Filter>include</Filter>
    </ClInclude>
    <ClInclude Include="include\qcamera.h">
      <Filter>include</Filter>
    </ClInclude>
    <ClInclude Include="include\qeffect.h">
      <Filter>include</Filter>
    </ClInclude>
    <ClInclude Include="include\qfile.h">
      <Filter>include</Filter>
    </ClInclude>
    <ClInclude Include="include\qgeom.h">
      <Filter>include</Filter>
    </ClInclude>
    <ClInclude Include="include\qhash.h">
      <Filter>include</Filter>
    </ClInclude>
    <ClInclude Include="include\qindex_t.h">
      <Filter>include</Filter>
    </ClInclude>
    <ClInclude Include="include\qindexbuffer.h">
      <Filter>include</Filter>
    </ClInclude>
    <ClInclude Include="include\qmath.h">
      <Filter>include</Filter>
    </ClInclude>
    <ClInclude Include="include\qmd3.h">
      <Filter>include</Filter>
    </ClInclude>
    <ClInclude Include="include\qmem.h">
      <Filter>include</Filter>
    </ClInclude>
    <ClInclude Include="include\qmodel.h">
      <Filter>include</Filter>
    </ClInclude>
    <ClInclude Include="include\qmodelobject.h">
      <Filter>include</Filter>
    </ClInclude>
    <ClInclude Include="include\qrender.h">
      <Filter>include</Filter>
    </ClInclude>
    <ClInclude Include="include\qresource.h">
      <Filter>include</Filter>
    </ClInclude>
    <ClInclude Include="include\qtext.h">
      <Filter>include</Filter>
    </ClInclude>
    <ClInclude Include="include\qtexture.h">
      <Filter>include</Filter>
    </ClInclude>
    <ClInclude Include="include\qtimer.h">
      <Filter>include</Filter>
    </ClInclude>
    <ClInclude Include="include\qTMS.h">
      <Filter>include</Filter>
    </ClInclude>
    <ClInclude Include="include\qvertexbuffer.h">
      <Filter>include</Filter>
    </ClInclude>
    <ClInclude Include="include\qxml.h">
      <Filter>include</Filter>
    </ClInclude>
    <ClInclude Include="include\stdafx.h">
      <Filter>include</Filter>
    </ClInclude>
    <ClInclude Include="include\qscriptable.h">
      <Filter>include</Filter>
    </ClInclude>
    <ClInclude Include="include\qscriptengine.h">
      <Filter>include</Filter>
    </ClInclude>
    <ClInclude Include="include\qscriptexec.h">
      <Filter>include</Filter>
    </ClInclude>
    <ClInclude Include="include\qscriptmodule.h">
      <Filter>include</Filter>
    </ClInclude>
    <ClInclude Include="include\qevent.h">
      <Filter>include</Filter>
    </ClInclude>
    <ClInclude Include="include\qobject.h">
      <Filter>include</Filter>
    </ClInclude>
    <ClInclude Include="include\qeventregistry.h">
      <Filter>include</Filter>
    </ClInclude>
    <ClInclude Include="include\qeventlistener.h">
      <Filter>include</Filter>
    </ClInclude>
    <ClInclude Include="include\qeventhandler.h">
      <Filter>include</Filter>
    </ClInclude>
    <ClInclude Include="include\qkeyeventlistener.h">
      <Filter>include</Filter>
    </ClInclude>
    <ClInclude Include="include\qscripteventhandler.h">
      <Filter>include</Filter>
    </ClInclude>
    <ClInclude Include="..\..\angelscript\include\add_ons\scriptany\scriptany.h" />
    <ClInclude Include="..\..\angelscript\include\add_ons\scriptarray\scriptarray.h" />
    <ClInclude Include="..\..\angelscript\include\add_ons\scriptbuilder\scriptbuilder.h" />
    <ClInclude Include="..\..\angelscript\include\add_ons\scriptdictionary\scriptdictionary.h" />
    <ClInclude Include="..\..\angelscript\include\add_ons\scriptfile\scriptfile.h" />
    <ClInclude Include="..\..\angelscript\include\add_ons\scripthelper\scripthelper.h" />
    <ClInclude Include="..\..\angelscript\include\add_ons\scriptmath3d\scriptmath3d.h" />
    <ClInclude Include="..\..\angelscript\include\add_ons\scriptmath\scriptmath.h" />
    <ClInclude Include="..\..\angelscript\include\add_ons\scriptstdstring\scriptstdstring.h" />
    <ClInclude Include="..\..\angelscript\include\add_ons\scriptstring\scriptstring.h" />
    <ClInclude Include="include\qphysics.h" />
    <ClInclude Include="include\qmotionstate.h" />
    <ClInclude Include="include\qphysicsmesh.h" />
    <ClInclude Include="..\..\bullet\include\Extras\ConvexDecomposition\bestfit.h" />
    <ClInclude Include="..\..\bullet\include\Extras\ConvexDecomposition\bestfitobb.h" />
    <ClInclude Include="..\..\bullet\include\Extras\ConvexDecomposition\cd_hull.h" />
    <ClInclude Include="..\..\bullet\include\Extras\ConvexDecomposition\cd_vector.h" />
    <ClInclude Include="..\..\bullet\include\Extras\ConvexDecomposition\cd_wavefront.h" />
    <ClInclude Include="..\..\bullet\include\Extras\ConvexDecomposition\concavity.h" />
    <ClInclude Include="..\..\bullet\include\Extras\ConvexDecomposition\ConvexBuilder.h" />
    <ClInclude Include="..\..\bullet\include\Extras\ConvexDecomposition\ConvexDecomposition.h" />
    <ClInclude Include="..\..\bullet\include\Extras\ConvexDecomposition\fitsphere.h" />
    <ClInclude Include="..\..\bullet\include\Extras\ConvexDecomposition\float_math.h" />
    <ClInclude Include="..\..\bullet\include\Extras\ConvexDecomposition\meshvolume.h" />
    <ClInclude Include="..\..\bullet\include\Extras\ConvexDecomposition\planetri.h" />
    <ClInclude Include="..\..\bullet\include\Extras\ConvexDecomposition\raytri.h" />
    <ClInclude Include="..\..\bullet\include\Extras\ConvexDecomposition\splitplane.h" />
    <ClInclude Include="..\..\bullet\include\Extras\ConvexDecomposition\vlookup.h" />
  </ItemGroup>
  <ItemGroup>
    <None Include="include\jpegdecoder.inl" />
  </ItemGroup>
  <ItemGroup>
    <Filter Include="include">
      <UniqueIdentifier>{f9117f00-35d9-4cbc-b202-58e7a8148c70}</UniqueIdentifier>
    </Filter>
    <Filter Include="src">
      <UniqueIdentifier>{a9f8a615-6838-42b1-92f5-7243b65a7676}</UniqueIdentifier>
    </Filter>
    <Filter Include="addons">
      <UniqueIdentifier>{0e36c3ae-cf3b-483d-adf5-2b087cc4cdff}</UniqueIdentifier>
    </Filter>
  </ItemGroup>
</Project>